
Microsoft Visual Studio Solution File, Format Version 12.00
# Visual Studio Version 16
VisualStudioVersion = 16.0.29009.5
MinimumVisualStudioVersion = 10.0.40219.1
Project("{FAE04EC0-301F-11D3-BF4B-00C04F79EFBC}") = "EncryptedChat.Server", "EncryptedChat.Server\EncryptedChat.Server.csproj", "{9C8E2C26-0D3B-4975-A7C1-ED28045E4E0A}"
EndProject
Project("{FAE04EC0-301F-11D3-BF4B-00C04F79EFBC}") = "EncryptedChat.Client", "EncryptedChat.Client\EncryptedChat.Client.csproj", "{4905EDF5-3484-41C1-970A-2679D5650FEA}"
EndProject
Project("{FAE04EC0-301F-11D3-BF4B-00C04F79EFBC}") = "Encrypted", "RSA\Encrypted.csproj", "{62446AC5-6DEC-495A-8010-B34EF9C521CA}"
EndProject
Global
	GlobalSection(SolutionConfigurationPlatforms) = preSolution
		Debug|Any CPU = Debug|Any CPU
		Release|Any CPU = Release|Any CPU
	EndGlobalSection
	GlobalSection(ProjectConfigurationPlatforms) = postSolution
		{9C8E2C26-0D3B-4975-A7C1-ED28045E4E0A}.Debug|Any CPU.ActiveCfg = Debug|Any CPU
		{9C8E2C26-0D3B-4975-A7C1-ED28045E4E0A}.Debug|Any CPU.Build.0 = Debug|Any CPU
		{9C8E2C26-0D3B-4975-A7C1-ED28045E4E0A}.Release|Any CPU.ActiveCfg = Release|Any CPU
		{9C8E2C26-0D3B-4975-A7C1-ED28045E4E0A}.Release|Any CPU.Build.0 = Release|Any CPU
		{4905EDF5-3484-41C1-970A-2679D5650FEA}.Debug|Any CPU.ActiveCfg = Debug|Any CPU
		{4905EDF5-3484-41C1-970A-2679D5650FEA}.Debug|Any CPU.Build.0 = Debug|Any CPU
		{4905EDF5-3484-41C1-970A-2679D5650FEA}.Release|Any CPU.ActiveCfg = Release|Any CPU
		{4905EDF5-3484-41C1-970A-2679D5650FEA}.Release|Any CPU.Build.0 = Release|Any CPU
		{62446AC5-6DEC-495A-8010-B34EF9C521CA}.Debug|Any CPU.ActiveCfg = Debug|Any CPU
		{62446AC5-6DEC-495A-8010-B34EF9C521CA}.Debug|Any CPU.Build.0 = Debug|Any CPU
		{62446AC5-6DEC-495A-8010-B34EF9C521CA}.Release|Any CPU.ActiveCfg = Release|Any CPU
		{62446AC5-6DEC-495A-8010-B34EF9C521CA}.Release|Any CPU.Build.0 = Release|Any CPU
	EndGlobalSection
	GlobalSection(SolutionProperties) = preSolution
		HideSolutionNode = FALSE
	EndGlobalSection
	GlobalSection(ExtensibilityGlobals) = postSolution
		SolutionGuid = {66BA35B0-D277-4C4B-BAF4-3A9FBD8A80DA}
	EndGlobalSection
EndGlobal
